
Microsoft Visual Studio Solution File, Format Version 12.00
# Visual Studio 14
VisualStudioVersion = 14.0.25420.1
MinimumVisualStudioVersion = 10.0.40219.1
Project("{FAE04EC0-301F-11D3-BF4B-00C04F79EFBC}") = "GUI", "DevMaster\GUI.csproj", "{1DD33471-C120-44BD-91F3-EDF897E9EC1F}"
EndProject
Project("{FAE04EC0-301F-11D3-BF4B-00C04F79EFBC}") = "Biblioteca", "Biblioteca\Biblioteca.csproj", "{031ECB35-B75F-4258-97A7-1C4A423DA0EE}"
EndProject
Global
	GlobalSection(SolutionConfigurationPlatforms) = preSolution
		Debug|Any CPU = Debug|Any CPU
		Release|Any CPU = Release|Any CPU
	EndGlobalSection
	GlobalSection(ProjectConfigurationPlatforms) = postSolution
		{1DD33471-C120-44BD-91F3-EDF897E9EC1F}.Debug|Any CPU.ActiveCfg = Debug|Any CPU
		{1DD33471-C120-44BD-91F3-EDF897E9EC1F}.Debug|Any CPU.Build.0 = Debug|Any CPU
		{1DD33471-C120-44BD-91F3-EDF897E9EC1F}.Release|Any CPU.ActiveCfg = Release|Any CPU
		{1DD33471-C120-44BD-91F3-EDF897E9EC1F}.Release|Any CPU.Build.0 = Release|Any CPU
		{031ECB35-B75F-4258-97A7-1C4A423DA0EE}.Debug|Any CPU.ActiveCfg = Debug|Any CPU
		{031ECB35-B75F-4258-97A7-1C4A423DA0EE}.Debug|Any CPU.Build.0 = Debug|Any CPU
		{031ECB35-B75F-4258-97A7-1C4A423DA0EE}.Release|Any CPU.ActiveCfg = Release|Any CPU
		{031ECB35-B75F-4258-97A7-1C4A423DA0EE}.Release|Any CPU.Build.0 = Release|Any CPU
	EndGlobalSection
	GlobalSection(SolutionProperties) = preSolution
		HideSolutionNode = FALSE
	EndGlobalSection
EndGlobal
